
Microsoft Visual Studio Solution File, Format Version 12.00
# Visual Studio 2013
VisualStudioVersion = 12.0.40629.0
MinimumVisualStudioVersion = 10.0.40219.1
Project("{FAE04EC0-301F-11D3-BF4B-00C04F79EFBC}") = "LfuCache", "LFUCache\LfuCache.csproj", "{D38F11CF-A28D-4DB8-A436-034DB8087A0B}"
EndProject
Project("{FAE04EC0-301F-11D3-BF4B-00C04F79EFBC}") = "LfuCache.UnitTest", "LfuCache.UnitTest\LfuCache.UnitTest.csproj", "{99FC3F20-DC8D-42DC-A205-8D179468E15F}"
EndProject
Project("{FAE04EC0-301F-11D3-BF4B-00C04F79EFBC}") = "LfuCache.PerformanceTest", "LfuCache.PerformanceTest\LfuCache.PerformanceTest.csproj", "{74F04985-39A2-4A71-BBC7-C2C44E991B06}"
EndProject
Global
	GlobalSection(SolutionConfigurationPlatforms) = preSolution
		Debug|Any CPU = Debug|Any CPU
		Release|Any CPU = Release|Any CPU
	EndGlobalSection
	GlobalSection(ProjectConfigurationPlatforms) = postSolution
		{D38F11CF-A28D-4DB8-A436-034DB8087A0B}.Debug|Any CPU.ActiveCfg = Debug|Any CPU
		{D38F11CF-A28D-4DB8-A436-034DB8087A0B}.Debug|Any CPU.Build.0 = Debug|Any CPU
		{D38F11CF-A28D-4DB8-A436-034DB8087A0B}.Release|Any CPU.ActiveCfg = Release|Any CPU
		{D38F11CF-A28D-4DB8-A436-034DB8087A0B}.Release|Any CPU.Build.0 = Release|Any CPU
		{99FC3F20-DC8D-42DC-A205-8D179468E15F}.Debug|Any CPU.ActiveCfg = Debug|Any CPU
		{99FC3F20-DC8D-42DC-A205-8D179468E15F}.Debug|Any CPU.Build.0 = Debug|Any CPU
		{99FC3F20-DC8D-42DC-A205-8D179468E15F}.Release|Any CPU.ActiveCfg = Release|Any CPU
		{99FC3F20-DC8D-42DC-A205-8D179468E15F}.Release|Any CPU.Build.0 = Release|Any CPU
		{74F04985-39A2-4A71-BBC7-C2C44E991B06}.Debug|Any CPU.ActiveCfg = Debug|Any CPU
		{74F04985-39A2-4A71-BBC7-C2C44E991B06}.Debug|Any CPU.Build.0 = Debug|Any CPU
		{74F04985-39A2-4A71-BBC7-C2C44E991B06}.Release|Any CPU.ActiveCfg = Release|Any CPU
		{74F04985-39A2-4A71-BBC7-C2C44E991B06}.Release|Any CPU.Build.0 = Release|Any CPU
	EndGlobalSection
	GlobalSection(SolutionProperties) = preSolution
		HideSolutionNode = FALSE
	EndGlobalSection
EndGlobal
